// !$*UTF8*$!
{
	archiveVersion = 1;
	classes = {
	};
	objectVersion = 50;
	objects = {

/* Begin PBXBuildFile section */
		79CBC9592518FD2100AFB417 /* AppDelegate.swift in Sources */ = {isa = PBXBuildFile; fileRef = 79CBC9582518FD2100AFB417 /* AppDelegate.swift */; };
		79CBC95B2518FD2100AFB417 /* SceneDelegate.swift in Sources */ = {isa = PBXBuildFile; fileRef = 79CBC95A2518FD2100AFB417 /* SceneDelegate.swift */; };
		79CBC95D2518FD2100AFB417 /* ViewController.swift in Sources */ = {isa = PBXBuildFile; fileRef = 79CBC95C2518FD2100AFB417 /* ViewController.swift */; };
		79CBC9602518FD2100AFB417 /* Main.storyboard in Resources */ = {isa = PBXBuildFile; fileRef = 79CBC95E2518FD2100AFB417 /* Main.storyboard */; };
		79CBC9622518FD2200AFB417 /* Assets.xcassets in Resources */ = {isa = PBXBuildFile; fileRef = 79CBC9612518FD2200AFB417 /* Assets.xcassets */; };
		79CBC9652518FD2200AFB417 /* LaunchScreen.storyboard in Resources */ = {isa = PBXBuildFile; fileRef = 79CBC9632518FD2200AFB417 /* LaunchScreen.storyboard */; };
/* End PBXBuildFile section */

/* Begin PBXFileReference section */
		79CBC9552518FD2100AFB417 /* metodum.app */ = {isa = PBXFileReference; explicitFileType = wrapper.application; includeInIndex = 0; path = metodum.app; sourceTree = BUILT_PRODUCTS_DIR; };
		79CBC9582518FD2100AFB417 /* AppDelegate.swift */ = {isa = PBXFileReference; lastKnownFileType = sourcecode.swift; path = AppDelegate.swift; sourceTree = "<group>"; };
		79CBC95A2518FD2100AFB417 /* SceneDelegate.swift */ = {isa = PBXFileReference; lastKnownFileType = sourcecode.swift; path = SceneDelegate.swift; sourceTree = "<group>"; };
		79CBC95C2518FD2100AFB417 /* ViewController.swift */ = {isa = PBXFileReference; lastKnownFileType = sourcecode.swift; path = ViewController.swift; sourceTree = "<group>"; };
		79CBC95F2518FD2100AFB417 /* Base */ = {isa = PBXFileReference; lastKnownFileType = file.storyboard; name = Base; path = Base.lproj/Main.storyboard; sourceTree = "<group>"; };
		79CBC9612518FD2200AFB417 /* Assets.xcassets */ = {isa = PBXFileReference; lastKnownFileType = folder.assetcatalog; path = Assets.xcassets; sourceTree = "<group>"; };
		79CBC9642518FD2200AFB417 /* Base */ = {isa = PBXFileReference; lastKnownFileType = file.storyboard; name = Base; path = Base.lproj/LaunchScreen.storyboard; sourceTree = "<group>"; };
		79CBC9662518FD2200AFB417 /* Info.plist */ = {isa = PBXFileReference; lastKnownFileType = text.plist.xml; path = Info.plist; sourceTree = "<group>"; };
/* End PBXFileReference section */

/* Begin PBXFrameworksBuildPhase section */
		79CBC9522518FD2100AFB417 /* Frameworks */ = {
			isa = PBXFrameworksBuildPhase;
			buildActionMask = 2147483647;
			files = (
			);
			runOnlyForDeploymentPostprocessing = 0;
		};
/* End PBXFrameworksBuildPhase section */

/* Begin PBXGroup section */
		79CBC94C2518FD2100AFB417 = {
			isa = PBXGroup;
			children = (
				79CBC9572518FD2100AFB417 /* metodum */,
				79CBC9562518FD2100AFB417 /* Products */,
			);
			sourceTree = "<group>";
		};
		79CBC9562518FD2100AFB417 /* Products */ = {
			isa = PBXGroup;
			children = (
				79CBC9552518FD2100AFB417 /* metodum.app */,
			);
			name = Products;
			sourceTree = "<group>";
		};
		79CBC9572518FD2100AFB417 /* metodum */ = {
			isa = PBXGroup;
			children = (
				79CBC9582518FD2100AFB417 /* AppDelegate.swift */,
				79CBC95A2518FD2100AFB417 /* SceneDelegate.swift */,
				79CBC95C2518FD2100AFB417 /* ViewController.swift */,
				79CBC95E2518FD2100AFB417 /* Main.storyboard */,
				79CBC9612518FD2200AFB417 /* Assets.xcassets */,
				79CBC9632518FD2200AFB417 /* LaunchScreen.storyboard */,
				79CBC9662518FD2200AFB417 /* Info.plist */,
			);
			path = metodum;
			sourceTree = "<group>";
		};
/* End PBXGroup section */

/* Begin PBXNativeTarget section */
		79CBC9542518FD2100AFB417 /* metodum */ = {
			isa = PBXNativeTarget;
			buildConfigurationList = 79CBC9692518FD2200AFB417 /* Build configuration list for PBXNativeTarget "metodum" */;
			buildPhases = (
				79CBC9512518FD2100AFB417 /* Sources */,
				79CBC9522518FD2100AFB417 /* Frameworks */,
				79CBC9532518FD2100AFB417 /* Resources */,
			);
			buildRules = (
			);
			dependencies = (
			);
			name = metodum;
			productName = metodum;
			productReference = 79CBC9552518FD2100AFB417 /* metodum.app */;
			productType = "com.apple.product-type.application";
		};
/* End PBXNativeTarget section */

/* Begin PBXProject section */
		79CBC94D2518FD2100AFB417 /* Project object */ = {
			isa = PBXProject;
			attributes = {
				LastSwiftUpdateCheck = 1170;
				LastUpgradeCheck = 1170;
				ORGANIZATIONNAME = metodum;
				TargetAttributes = {
					79CBC9542518FD2100AFB417 = {
						CreatedOnToolsVersion = 11.7;
					};
				};
			};
			buildConfigurationList = 79CBC9502518FD2100AFB417 /* Build configuration list for PBXProject "metodum" */;
			compatibilityVersion = "Xcode 9.3";
			developmentRegion = en;
			hasScannedForEncodings = 0;
			knownRegions = (
				en,
				Base,
			);
			mainGroup = 79CBC94C2518FD2100AFB417;
			productRefGroup = 79CBC9562518FD2100AFB417 /* Products */;
			projectDirPath = "";
			projectRoot = "";
			targets = (
				79CBC9542518FD2100AFB417 /* metodum */,
			);
		};
/* End PBXProject section */

/* Begin PBXResourcesBuildPhase section */
		79CBC9532518FD2100AFB417 /* Resources */ = {
			isa = PBXResourcesBuildPhase;
			buildActionMask = 2147483647;
			files = (
				79CBC9652518FD2200AFB417 /* LaunchScreen.storyboard in Resources */,
				79CBC9622518FD2200AFB417 /* Assets.xcassets in Resources */,
				79CBC9602518FD2100AFB417 /* Main.storyboard in Resources */,
			);
			runOnlyForDeploymentPostprocessing = 0;
		};
/* End PBXResourcesBuildPhase section */

/* Begin PBXSourcesBuildPhase section */
		79CBC9512518FD2100AFB417 /* Sources */ = {
			isa = PBXSourcesBuildPhase;
			buildActionMask = 2147483647;
			files = (
				79CBC95D2518FD2100AFB417 /* ViewController.swift in Sources */,
				79CBC9592518FD2100AFB417 /* AppDelegate.swift in Sources */,
				79CBC95B2518FD2100AFB417 /* SceneDelegate.swift in Sources */,
			);
			runOnlyForDeploymentPostprocessing = 0;
		};
/* End PBXSourcesBuildPhase section */

/* Begin PBXVariantGroup section */
		79CBC95E2518FD2100AFB417 /* Main.storyboard */ = {
			isa = PBXVariantGroup;
			children = (
				79CBC95F2518FD2100AFB417 /* Base */,
			);
			name = Main.storyboard;
			sourceTree = "<group>";
		};
		79CBC9632518FD2200AFB417 /* LaunchScreen.storyboard */ = {
			isa = PBXVariantGroup;
			children = (
				79CBC9642518FD2200AFB417 /* Base */,
			);
			name = LaunchScreen.storyboard;
			sourceTree = "<group>";
		};
/* End PBXVariantGroup section */

/* Begin XCBuildConfiguration section */
		79CBC9672518FD2200AFB417 /* Debug */ = {
			isa = XCBuildConfiguration;
			buildSettings = {
				ALWAYS_SEARCH_USER_PATHS = NO;
				CLANG_ANALYZER_NONNULL = YES;
				CLANG_ANALYZER_NUMBER_OBJECT_CONVERSION = YES_AGGRESSIVE;
				CLANG_CXX_LANGUAGE_STANDARD = "gnu++14";
				CLANG_CXX_LIBRARY = "libc++";
				CLANG_ENABLE_MODULES = YES;
				CLANG_ENABLE_OBJC_ARC = YES;
				CLANG_ENABLE_OBJC_WEAK = YES;
				CLANG_WARN_BLOCK_CAPTURE_AUTORELEASING = YES;
				CLANG_WARN_BOOL_CONVERSION = YES;
				CLANG_WARN_COMMA = YES;
				CLANG_WARN_CONSTANT_CONVERSION = YES;
				CLANG_WARN_DEPRECATED_OBJC_IMPLEMENTATIONS = YES;
				CLANG_WARN_DIRECT_OBJC_ISA_USAGE = YES_ERROR;
				CLANG_WARN_DOCUMENTATION_COMMENTS = YES;
				CLANG_WARN_EMPTY_BODY = YES;
				CLANG_WARN_ENUM_CONVERSION = YES;
				CLANG_WARN_INFINITE_RECURSION = YES;
				CLANG_WARN_INT_CONVERSION = YES;
				CLANG_WARN_NON_LITERAL_NULL_CONVERSION = YES;
				CLANG_WARN_OBJC_IMPLICIT_RETAIN_SELF = YES;
				CLANG_WARN_OBJC_LITERAL_CONVERSION = YES;
				CLANG_WARN_OBJC_ROOT_CLASS = YES_ERROR;
				CLANG_WARN_RANGE_LOOP_ANALYSIS = YES;
				CLANG_WARN_STRICT_PROTOTYPES = YES;
				CLANG_WARN_SUSPICIOUS_MOVE = YES;
				CLANG_WARN_UNGUARDED_AVAILABILITY = YES_AGGRESSIVE;
				CLANG_WARN_UNREACHABLE_CODE = YES;
				CLANG_WARN__DUPLICATE_METHOD_MATCH = YES;
				COPY_PHASE_STRIP = NO;
				DEBUG_INFORMATION_FORMAT = dwarf;
				ENABLE_STRICT_OBJC_MSGSEND = YES;
				ENABLE_TESTABILITY = YES;
				GCC_C_LANGUAGE_STANDARD = gnu11;
				GCC_DYNAMIC_NO_PIC = NO;
				GCC_NO_COMMON_BLOCKS = YES;
				GCC_OPTIMIZATION_LEVEL = 0;
				GCC_PREPROCESSOR_DEFINITIONS = (
					"DEBUG=1",
					"$(inherited)",
				);
				GCC_WARN_64_TO_32_BIT_CONVERSION = YES;
				GCC_WARN_ABOUT_RETURN_TYPE = YES_ERROR;
				GCC_WARN_UNDECLARED_SELECTOR = YES;
				GCC_WARN_UNINITIALIZED_AUTOS = YES_AGGRESSIVE;
				GCC_WARN_UNUSED_FUNCTION = YES;
				GCC_WARN_UNUSED_VARIABLE = YES;
				IPHONEOS_DEPLOYMENT_TARGET = 13.7;
				MTL_ENABLE_DEBUG_INFO = INCLUDE_SOURCE;
				MTL_FAST_MATH = YES;
				ONLY_ACTIVE_ARCH = YES;
				SDKROOT = iphoneos;
				SWIFT_ACTIVE_COMPILATION_CONDITIONS = DEBUG;
				SWIFT_OPTIMIZATION_LEVEL = "-Onone";
			};
			name = Debug;
		};
		79CBC9682518FD2200AFB417 /* Release */ = {
			isa = XCBuildConfiguration;
			buildSettings = {
				ALWAYS_SEARCH_USER_PATHS = NO;
				CLANG_ANALYZER_NONNULL = YES;
				CLANG_ANALYZER_NUMBER_OBJECT_CONVERSION = YES_AGGRESSIVE;
				CLANG_CXX_LANGUAGE_STANDARD = "gnu++14";
				CLANG_CXX_LIBRARY = "libc++";
				CLANG_ENABLE_MODULES = YES;
				CLANG_ENABLE_OBJC_ARC = YES;
				CLANG_ENABLE_OBJC_WEAK = YES;
				CLANG_WARN_BLOCK_CAPTURE_AUTORELEASING = YES;
				CLANG_WARN_BOOL_CONVERSION = YES;
				CLANG_WARN_COMMA = YES;
				CLANG_WARN_CONSTANT_CONVERSION = YES;
				CLANG_WARN_DEPRECATED_OBJC_IMPLEMENTATIONS = YES;
				CLANG_WARN_DIRECT_OBJC_ISA_USAGE = YES_ERROR;
				CLANG_WARN_DOCUMENTATION_COMMENTS = YES;
				CLANG_WARN_EMPTY_BODY = YES;
				CLANG_WARN_ENUM_CONVERSION = YES;
				CLANG_WARN_INFINITE_RECURSION = YES;
				CLANG_WARN_INT_CONVERSION = YES;
				CLANG_WARN_NON_LITERAL_NULL_CONVERSION = YES;
				CLANG_WARN_OBJC_IMPLICIT_RETAIN_SELF = YES;
				CLANG_WARN_OBJC_LITERAL_CONVERSION = YES;
				CLANG_WARN_OBJC_ROOT_CLASS = YES_ERROR;
				CLANG_WARN_RANGE_LOOP_ANALYSIS = YES;
				CLANG_WARN_STRICT_PROTOTYPES = YES;
				CLANG_WARN_SUSPICIOUS_MOVE = YES;
				CLANG_WARN_UNGUARDED_AVAILABILITY = YES_AGGRESSIVE;
				CLANG_WARN_UNREACHABLE_CODE = YES;
				CLANG_WARN__DUPLICATE_METHOD_MATCH = YES;
				COPY_PHASE_STRIP = NO;
				DEBUG_INFORMATION_FORMAT = "dwarf-with-dsym";
				ENABLE_NS_ASSERTIONS = NO;
				ENABLE_STRICT_OBJC_MSGSEND = YES;
				GCC_C_LANGUAGE_STANDARD = gnu11;
				GCC_NO_COMMON_BLOCKS = YES;
				GCC_WARN_64_TO_32_BIT_CONVERSION = YES;
				GCC_WARN_ABOUT_RETURN_TYPE = YES_ERROR;
				GCC_WARN_UNDECLARED_SELECTOR = YES;
				GCC_WARN_UNINITIALIZED_AUTOS = YES_AGGRESSIVE;
				GCC_WARN_UNUSED_FUNCTION = YES;
				GCC_WARN_UNUSED_VARIABLE = YES;
				IPHONEOS_DEPLOYMENT_TARGET = 13.7;
				MTL_ENABLE_DEBUG_INFO = NO;
				MTL_FAST_MATH = YES;
				SDKROOT = iphoneos;
				SWIFT_COMPILATION_MODE = wholemodule;
				SWIFT_OPTIMIZATION_LEVEL = "-O";
				VALIDATE_PRODUCT = YES;
			};
			name = Release;
		};
		79CBC96A2518FD2200AFB417 /* Debug */ = {
			isa = XCBuildConfiguration;
			buildSettings = {
				ASSETCATALOG_COMPILER_APPICON_NAME = AppIcon;
				CODE_SIGN_STYLE = Automatic;
				DEVELOPMENT_TEAM = R5H255ZF9U;
				INFOPLIST_FILE = metodum/Info.plist;
				LD_RUNPATH_SEARCH_PATHS = (
					"$(inherited)",
					"@executable_path/Frameworks",
				);
				PRODUCT_BUNDLE_IDENTIFIER = emao.metodum;
				PRODUCT_NAME = "$(TARGET_NAME)";
				SWIFT_VERSION = 5.0;
				TARGETED_DEVICE_FAMILY = "1,2";
			};
			name = Debug;
		};
		79CBC96B2518FD2200AFB417 /* Release */ = {
			isa = XCBuildConfiguration;
			buildSettings = {
				ASSETCATALOG_COMPILER_APPICON_NAME = AppIcon;
				CODE_SIGN_STYLE = Automatic;
				DEVELOPMENT_TEAM = R5H255ZF9U;
				INFOPLIST_FILE = metodum/Info.plist;
				LD_RUNPATH_SEARCH_PATHS = (
					"$(inherited)",
					"@executable_path/Frameworks",
				);
				PRODUCT_BUNDLE_IDENTIFIER = emao.metodum;
				PRODUCT_NAME = "$(TARGET_NAME)";
				SWIFT_VERSION = 5.0;
				TARGETED_DEVICE_FAMILY = "1,2";
			};
			name = Release;
		};
/* End XCBuildConfiguration section */

/* Begin XCConfigurationList section */
		79CBC9502518FD2100AFB417 /* Build configuration list for PBXProject "metodum" */ = {
			isa = XCConfigurationList;
			buildConfigurations = (
				79CBC9672518FD2200AFB417 /* Debug */,
				79CBC9682518FD2200AFB417 /* Release */,
			);
			defaultConfigurationIsVisible = 0;
			defaultConfigurationName = Release;
		};
		79CBC9692518FD2200AFB417 /* Build configuration list for PBXNativeTarget "metodum" */ = {
			isa = XCConfigurationList;
			buildConfigurations = (
				79CBC96A2518FD2200AFB417 /* Debug */,
				79CBC96B2518FD2200AFB417 /* Release */,
			);
			defaultConfigurationIsVisible = 0;
			defaultConfigurationName = Release;
		};
/* End XCConfigurationList section */
	};
	rootObject = 79CBC94D2518FD2100AFB417 /* Project object */;
}
